
Microsoft Visual Studio Solution File, Format Version 12.00
# Visual Studio 15
VisualStudioVersion = 15.0.27004.2009
MinimumVisualStudioVersion = 10.0.40219.1
Project("{9A19103F-16F7-4668-BE54-9A1E7A4F7556}") = "CafeteriaService", "CafetriaService\CafeteriaService.csproj", "{66AD52CA-D5DD-4D87-B13A-E8D2D56E08E2}"
EndProject
Project("{9A19103F-16F7-4668-BE54-9A1E7A4F7556}") = "CafeteriaWebApi", "CafeteriaWebApi\CafeteriaWebApi.csproj", "{DFC4C5BB-E664-48F5-AF92-FDEC59B92D63}"
EndProject
Project("{2150E333-8FDC-42A3-9474-1A3956D46DE8}") = "Test", "Test", "{6FD566C1-8CE8-495C-B236-7926D4B2B6E3}"
EndProject
Project("{FAE04EC0-301F-11D3-BF4B-00C04F79EFBC}") = "XUnitTestWebApi", "XUnitTestWebApi\XUnitTestWebApi.csproj", "{FB23F6AB-FBBD-4993-B76C-3C1841B65C88}"
EndProject
Global
	GlobalSection(SolutionConfigurationPlatforms) = preSolution
		Debug|Any CPU = Debug|Any CPU
		Release|Any CPU = Release|Any CPU
	EndGlobalSection
	GlobalSection(ProjectConfigurationPlatforms) = postSolution
		{66AD52CA-D5DD-4D87-B13A-E8D2D56E08E2}.Debug|Any CPU.ActiveCfg = Debug|Any CPU
		{66AD52CA-D5DD-4D87-B13A-E8D2D56E08E2}.Debug|Any CPU.Build.0 = Debug|Any CPU
		{66AD52CA-D5DD-4D87-B13A-E8D2D56E08E2}.Release|Any CPU.ActiveCfg = Release|Any CPU
		{66AD52CA-D5DD-4D87-B13A-E8D2D56E08E2}.Release|Any CPU.Build.0 = Release|Any CPU
		{DFC4C5BB-E664-48F5-AF92-FDEC59B92D63}.Debug|Any CPU.ActiveCfg = Debug|Any CPU
		{DFC4C5BB-E664-48F5-AF92-FDEC59B92D63}.Debug|Any CPU.Build.0 = Debug|Any CPU
		{DFC4C5BB-E664-48F5-AF92-FDEC59B92D63}.Release|Any CPU.ActiveCfg = Release|Any CPU
		{DFC4C5BB-E664-48F5-AF92-FDEC59B92D63}.Release|Any CPU.Build.0 = Release|Any CPU
		{FB23F6AB-FBBD-4993-B76C-3C1841B65C88}.Debug|Any CPU.ActiveCfg = Debug|Any CPU
		{FB23F6AB-FBBD-4993-B76C-3C1841B65C88}.Debug|Any CPU.Build.0 = Debug|Any CPU
		{FB23F6AB-FBBD-4993-B76C-3C1841B65C88}.Release|Any CPU.ActiveCfg = Release|Any CPU
		{FB23F6AB-FBBD-4993-B76C-3C1841B65C88}.Release|Any CPU.Build.0 = Release|Any CPU
	EndGlobalSection
	GlobalSection(SolutionProperties) = preSolution
		HideSolutionNode = FALSE
	EndGlobalSection
	GlobalSection(NestedProjects) = preSolution
		{FB23F6AB-FBBD-4993-B76C-3C1841B65C88} = {6FD566C1-8CE8-495C-B236-7926D4B2B6E3}
	EndGlobalSection
	GlobalSection(ExtensibilityGlobals) = postSolution
		SolutionGuid = {4FC48608-08A6-4D40-A65B-49877A38C6C3}
	EndGlobalSection
EndGlobal
